
Microsoft Visual Studio Solution File, Format Version 12.00
# Visual Studio Version 17
VisualStudioVersion = 17.4.33205.214
MinimumVisualStudioVersion = 10.0.40219.1
Project("{FAE04EC0-301F-11D3-BF4B-00C04F79EFBC}") = "TesteIntegraçãoo", "TesteIntegraçãoo.csproj", "{395F4D24-DB36-48D4-B143-FF1AF51ACEFC}"
EndProject
Project("{9A19103F-16F7-4668-BE54-9A1E7A4F7556}") = "ChapterFS11", "..\ChapterFS11\ChapterFS11.csproj", "{FE518F2C-CC3C-40C4-BD45-3629D1BB26FB}"
EndProject
Global
	GlobalSection(SolutionConfigurationPlatforms) = preSolution
		Debug|Any CPU = Debug|Any CPU
		Release|Any CPU = Release|Any CPU
	EndGlobalSection
	GlobalSection(ProjectConfigurationPlatforms) = postSolution
		{395F4D24-DB36-48D4-B143-FF1AF51ACEFC}.Debug|Any CPU.ActiveCfg = Debug|Any CPU
		{395F4D24-DB36-48D4-B143-FF1AF51ACEFC}.Debug|Any CPU.Build.0 = Debug|Any CPU
		{395F4D24-DB36-48D4-B143-FF1AF51ACEFC}.Release|Any CPU.ActiveCfg = Release|Any CPU
		{395F4D24-DB36-48D4-B143-FF1AF51ACEFC}.Release|Any CPU.Build.0 = Release|Any CPU
		{FE518F2C-CC3C-40C4-BD45-3629D1BB26FB}.Debug|Any CPU.ActiveCfg = Debug|Any CPU
		{FE518F2C-CC3C-40C4-BD45-3629D1BB26FB}.Debug|Any CPU.Build.0 = Debug|Any CPU
		{FE518F2C-CC3C-40C4-BD45-3629D1BB26FB}.Release|Any CPU.ActiveCfg = Release|Any CPU
		{FE518F2C-CC3C-40C4-BD45-3629D1BB26FB}.Release|Any CPU.Build.0 = Release|Any CPU
	EndGlobalSection
	GlobalSection(SolutionProperties) = preSolution
		HideSolutionNode = FALSE
	EndGlobalSection
	GlobalSection(ExtensibilityGlobals) = postSolution
		SolutionGuid = {464765C5-7764-4BB2-BEE4-1132C2CA852D}
	EndGlobalSection
EndGlobal
